
Microsoft Visual Studio Solution File, Format Version 12.00
# Visual Studio Version 17
VisualStudioVersion = 17.3.32929.385
MinimumVisualStudioVersion = 10.0.40219.1
Project("{FAE04EC0-301F-11D3-BF4B-00C04F79EFBC}") = "lab 3.3", "lab 3.3\lab 3.3.csproj", "{3FAC273D-227D-4BF3-8CA4-76CE55914F2C}"
EndProject
Global
	GlobalSection(SolutionConfigurationPlatforms) = preSolution
		Debug|Any CPU = Debug|Any CPU
		Release|Any CPU = Release|Any CPU
	EndGlobalSection
	GlobalSection(ProjectConfigurationPlatforms) = postSolution
		{3FAC273D-227D-4BF3-8CA4-76CE55914F2C}.Debug|Any CPU.ActiveCfg = Debug|Any CPU
		{3FAC273D-227D-4BF3-8CA4-76CE55914F2C}.Debug|Any CPU.Build.0 = Debug|Any CPU
		{3FAC273D-227D-4BF3-8CA4-76CE55914F2C}.Release|Any CPU.ActiveCfg = Release|Any CPU
		{3FAC273D-227D-4BF3-8CA4-76CE55914F2C}.Release|Any CPU.Build.0 = Release|Any CPU
	EndGlobalSection
	GlobalSection(SolutionProperties) = preSolution
		HideSolutionNode = FALSE
	EndGlobalSection
	GlobalSection(ExtensibilityGlobals) = postSolution
		SolutionGuid = {51C3EB97-3CC0-45C9-BF4A-1A0969DB24D3}
	EndGlobalSection
EndGlobal
